
Microsoft Visual Studio Solution File, Format Version 12.00
# Visual Studio Version 17
VisualStudioVersion = 17.5.33530.505
MinimumVisualStudioVersion = 10.0.40219.1
Project("{FAE04EC0-301F-11D3-BF4B-00C04F79EFBC}") = "ATM", "ATM.csproj", "{36613810-989E-4E5F-BCED-3CC94984241F}"
EndProject
Global
	GlobalSection(SolutionConfigurationPlatforms) = preSolution
		Debug|Any CPU = Debug|Any CPU
		Release|Any CPU = Release|Any CPU
	EndGlobalSection
	GlobalSection(ProjectConfigurationPlatforms) = postSolution
		{36613810-989E-4E5F-BCED-3CC94984241F}.Debug|Any CPU.ActiveCfg = Debug|Any CPU
		{36613810-989E-4E5F-BCED-3CC94984241F}.Debug|Any CPU.Build.0 = Debug|Any CPU
		{36613810-989E-4E5F-BCED-3CC94984241F}.Release|Any CPU.ActiveCfg = Release|Any CPU
		{36613810-989E-4E5F-BCED-3CC94984241F}.Release|Any CPU.Build.0 = Release|Any CPU
	EndGlobalSection
	GlobalSection(SolutionProperties) = preSolution
		HideSolutionNode = FALSE
	EndGlobalSection
	GlobalSection(ExtensibilityGlobals) = postSolution
		SolutionGuid = {BF7F3FB1-C839-4AC8-A5CE-6C8558404946}
	EndGlobalSection
EndGlobal
